{
  "version": "4",
  "specifiers": {
    "jsr:@std/assert@^1.0.10": "1.0.10",
    "jsr:@std/data-structures@^1.0.5": "1.0.5",
    "jsr:@std/expect@^1.0.10": "1.0.10",
    "jsr:@std/fs@^1.0.7": "1.0.7",
    "jsr:@std/internal@^1.0.5": "1.0.5",
    "jsr:@std/path@^1.0.8": "1.0.8",
    "jsr:@std/testing@^1.0.7": "1.0.7"
  },
  "jsr": {
    "@std/assert@1.0.10": {
      "integrity": "59b5cbac5bd55459a19045d95cc7c2ff787b4f8527c0dd195078ff6f9481fbb3",
      "dependencies": [
        "jsr:@std/internal"
      ]
    },
    "@std/data-structures@1.0.5": {
      "integrity": "86dd5c2d6365a6ad56e9103b3a877c5d5ade238c68ae463acfe0eb0e56d40783"
    },
    "@std/expect@1.0.10": {
      "integrity": "7659b640447887cd1735f866962e10e434f12443b13595b149970c806e6f08db",
      "dependencies": [
        "jsr:@std/assert",
        "jsr:@std/internal"
      ]
    },
    "@std/fs@1.0.7": {
      "integrity": "95ac7326e0e59089c979706e17bb28db03b5fb41c5a37c9c556788198b0662d6",
      "dependencies": [
        "jsr:@std/path"
      ]
    },
    "@std/internal@1.0.5": {
      "integrity": "54a546004f769c1ac9e025abd15a76b6671ddc9687e2313b67376125650dc7ba"
    },
    "@std/path@1.0.8": {
      "integrity": "548fa456bb6a04d3c1a1e7477986b6cffbce95102d0bb447c67c4ee70e0364be"
    },
    "@std/testing@1.0.7": {
      "integrity": "aa5f0507352449064b09eff70ac1b6da3f765ee66bcc20dad9e5e433776580d5",
      "dependencies": [
        "jsr:@std/assert",
        "jsr:@std/data-structures",
        "jsr:@std/fs",
        "jsr:@std/internal",
        "jsr:@std/path"
      ]
    }
  },
  "workspace": {
    "dependencies": [
      "jsr:@std/assert@^1.0.10",
      "jsr:@std/expect@^1.0.10",
      "jsr:@std/testing@^1.0.7"
    ]
  }
}
